
Microsoft Visual Studio Solution File, Format Version 12.00
# Visual Studio Version 17
VisualStudioVersion = 17.11.35312.102
MinimumVisualStudioVersion = 10.0.40219.1
Project("{FAE04EC0-301F-11D3-BF4B-00C04F79EFBC}") = "HospitalManagementApp", "HospitalManagementApp.csproj", "{0D47B605-87FE-4116-A297-3029630F6E43}"
EndProject
Global
	GlobalSection(SolutionConfigurationPlatforms) = preSolution
		Debug|Any CPU = Debug|Any CPU
		Release|Any CPU = Release|Any CPU
	EndGlobalSection
	GlobalSection(ProjectConfigurationPlatforms) = postSolution
		{0D47B605-87FE-4116-A297-3029630F6E43}.Debug|Any CPU.ActiveCfg = Debug|Any CPU
		{0D47B605-87FE-4116-A297-3029630F6E43}.Debug|Any CPU.Build.0 = Debug|Any CPU
		{0D47B605-87FE-4116-A297-3029630F6E43}.Release|Any CPU.ActiveCfg = Release|Any CPU
		{0D47B605-87FE-4116-A297-3029630F6E43}.Release|Any CPU.Build.0 = Release|Any CPU
	EndGlobalSection
	GlobalSection(SolutionProperties) = preSolution
		HideSolutionNode = FALSE
	EndGlobalSection
	GlobalSection(ExtensibilityGlobals) = postSolution
		SolutionGuid = {2E87F37A-D9C9-492A-8B0B-8FE06C1B8BD1}
	EndGlobalSection
EndGlobal
